
Microsoft Visual Studio Solution File, Format Version 12.00
# Visual Studio Version 17
VisualStudioVersion = 17.1.32228.430
MinimumVisualStudioVersion = 10.0.40219.1
Project("{FAE04EC0-301F-11D3-BF4B-00C04F79EFBC}") = "Proyecto Final", "Proyecto Final.csproj", "{CCBCC9C0-E287-4D10-B279-44804F82244F}"
EndProject
Global
	GlobalSection(SolutionConfigurationPlatforms) = preSolution
		Debug|Any CPU = Debug|Any CPU
		Release|Any CPU = Release|Any CPU
	EndGlobalSection
	GlobalSection(ProjectConfigurationPlatforms) = postSolution
		{CCBCC9C0-E287-4D10-B279-44804F82244F}.Debug|Any CPU.ActiveCfg = Debug|Any CPU
		{CCBCC9C0-E287-4D10-B279-44804F82244F}.Debug|Any CPU.Build.0 = Debug|Any CPU
		{CCBCC9C0-E287-4D10-B279-44804F82244F}.Release|Any CPU.ActiveCfg = Release|Any CPU
		{CCBCC9C0-E287-4D10-B279-44804F82244F}.Release|Any CPU.Build.0 = Release|Any CPU
	EndGlobalSection
	GlobalSection(SolutionProperties) = preSolution
		HideSolutionNode = FALSE
	EndGlobalSection
	GlobalSection(ExtensibilityGlobals) = postSolution
		SolutionGuid = {0F7B355A-4B16-4EA7-A9B7-6239E8756351}
	EndGlobalSection
EndGlobal
